
Microsoft Visual Studio Solution File, Format Version 12.00
# Visual Studio Version 17
VisualStudioVersion = 17.7.34024.191
MinimumVisualStudioVersion = 10.0.40219.1
Project("{FAE04EC0-301F-11D3-BF4B-00C04F79EFBC}") = "myPomodoro", "myPomodoro\myPomodoro.csproj", "{5061E31F-67B4-45C1-BD38-C1FF32C85D3D}"
EndProject
Global
	GlobalSection(SolutionConfigurationPlatforms) = preSolution
		Debug|Any CPU = Debug|Any CPU
		Release|Any CPU = Release|Any CPU
	EndGlobalSection
	GlobalSection(ProjectConfigurationPlatforms) = postSolution
		{5061E31F-67B4-45C1-BD38-C1FF32C85D3D}.Debug|Any CPU.ActiveCfg = Debug|Any CPU
		{5061E31F-67B4-45C1-BD38-C1FF32C85D3D}.Debug|Any CPU.Build.0 = Debug|Any CPU
		{5061E31F-67B4-45C1-BD38-C1FF32C85D3D}.Release|Any CPU.ActiveCfg = Release|Any CPU
		{5061E31F-67B4-45C1-BD38-C1FF32C85D3D}.Release|Any CPU.Build.0 = Release|Any CPU
	EndGlobalSection
	GlobalSection(SolutionProperties) = preSolution
		HideSolutionNode = FALSE
	EndGlobalSection
	GlobalSection(ExtensibilityGlobals) = postSolution
		SolutionGuid = {1B0D5131-DF29-4C31-978D-5D90C92FCAD4}
	EndGlobalSection
EndGlobal
